// !$*UTF8*$!
{ archiveVersion = 1; classes = {}; objectVersion = 56; objects = {
22EFD116237DA9AFC6716688 = { "isa" = "PBXFileReference"; "lastKnownFileType" = "sourcecode.swift"; "path" = "Sources/AppDelegate.swift"; "sourceTree" = "SOURCE_ROOT"; };
533C12884AC31506BA76BD3C = { "isa" = "PBXBuildFile"; "fileRef" = "22EFD116237DA9AFC6716688"; };
D2EFD3FE13D9BB4C71AEADBD = { "isa" = "PBXFileReference"; "lastKnownFileType" = "sourcecode.swift"; "path" = "Sources/CredentialVault.swift"; "sourceTree" = "SOURCE_ROOT"; };
9F148AD8A27FADB0A1FF4CA0 = { "isa" = "PBXBuildFile"; "fileRef" = "D2EFD3FE13D9BB4C71AEADBD"; };
486CDFB90883408EB1ABB719 = { "isa" = "PBXFileReference"; "lastKnownFileType" = "sourcecode.swift"; "path" = "Sources/Domain.swift"; "sourceTree" = "SOURCE_ROOT"; };
9040C83A7787C556C0D98C7D = { "isa" = "PBXBuildFile"; "fileRef" = "486CDFB90883408EB1ABB719"; };
7F675542CEFB61A489DA5A5B = { "isa" = "PBXFileReference"; "lastKnownFileType" = "sourcecode.swift"; "path" = "Sources/OfficialSource.swift"; "sourceTree" = "SOURCE_ROOT"; };
FFEAD1F6E73D907256833693 = { "isa" = "PBXBuildFile"; "fileRef" = "7F675542CEFB61A489DA5A5B"; };
4E77B304146D692B304720CC = { "isa" = "PBXFileReference"; "lastKnownFileType" = "sourcecode.swift"; "path" = "Sources/Store.swift"; "sourceTree" = "SOURCE_ROOT"; };
D8242179EAE296C75289980E = { "isa" = "PBXBuildFile"; "fileRef" = "4E77B304146D692B304720CC"; };
4F82787BB5C52E0234D6F056 = { "isa" = "PBXFileReference"; "explicitFileType" = "wrapper.application"; "path" = "TacticusIOS.app"; "sourceTree" = "BUILT_PRODUCTS_DIR"; };
147CEB99D8053938DA094F51 = { "isa" = "PBXFileReference"; "lastKnownFileType" = "text.json"; "path" = "Resources/synthetic-demo.json"; "sourceTree" = "SOURCE_ROOT"; };
4FB812FEA5E793171B5DF0D3 = { "isa" = "PBXBuildFile"; "fileRef" = "147CEB99D8053938DA094F51"; };
B31D729DDA17F16344215AB9 = { "isa" = "PBXSourcesBuildPhase"; "buildActionMask" = "2147483647"; "files" = ( "533C12884AC31506BA76BD3C", "9F148AD8A27FADB0A1FF4CA0", "9040C83A7787C556C0D98C7D", "FFEAD1F6E73D907256833693", "D8242179EAE296C75289980E", ); "runOnlyForDeploymentPostprocessing" = "0"; };
01F46A6E883F0DC2340689AC = { "isa" = "PBXFrameworksBuildPhase"; "buildActionMask" = "2147483647"; "files" = (); "runOnlyForDeploymentPostprocessing" = "0"; };
959C688D00E0D99B1D6A5CFF = { "isa" = "PBXResourcesBuildPhase"; "buildActionMask" = "2147483647"; "files" = ( "4FB812FEA5E793171B5DF0D3", ); "runOnlyForDeploymentPostprocessing" = "0"; };
3F7F8D56E0DDB959A175A3EB = { "isa" = "XCBuildConfiguration"; "name" = "Debug"; "buildSettings" = { "PRODUCT_NAME" = "TacticusIOS"; "PRODUCT_BUNDLE_IDENTIFIER" = "com.tacticusanalytics.mobile.ios"; "SWIFT_VERSION" = "5.0"; "IPHONEOS_DEPLOYMENT_TARGET" = "17.0"; "TARGETED_DEVICE_FAMILY" = "1,2"; "GENERATE_INFOPLIST_FILE" = "YES"; "CODE_SIGN_STYLE" = "Automatic"; "SUPPORTED_PLATFORMS" = "iphoneos iphonesimulator"; "SWIFT_OPTIMIZATION_LEVEL" = "-Onone"; "DEBUG_INFORMATION_FORMAT" = "dwarf-with-dsym"; "SWIFT_ACTIVE_COMPILATION_CONDITIONS" = "DEBUG"; "ENABLE_TESTABILITY" = "YES"; "INFOPLIST_KEY_CFBundleDisplayName" = "Tacticus workspace"; "INFOPLIST_KEY_UILaunchScreen_Generation" = "YES"; "INFOPLIST_KEY_UIApplicationSupportsIndirectInputEvents" = "YES"; "INFOPLIST_KEY_UISupportedInterfaceOrientations" = "UIInterfaceOrientationPortrait UIInterfaceOrientationLandscapeLeft UIInterfaceOrientationLandscapeRight"; "MARKETING_VERSION" = "0.1.0"; "CURRENT_PROJECT_VERSION" = "1"; "LD_RUNPATH_SEARCH_PATHS" = "$(inherited) @executable_path/Frameworks"; "OTHER_LDFLAGS" = "$(inherited) -lsqlite3"; }; };
7506A06B60123EB5836BB14A = { "isa" = "XCBuildConfiguration"; "name" = "Release"; "buildSettings" = { "PRODUCT_NAME" = "TacticusIOS"; "PRODUCT_BUNDLE_IDENTIFIER" = "com.tacticusanalytics.mobile.ios"; "SWIFT_VERSION" = "5.0"; "IPHONEOS_DEPLOYMENT_TARGET" = "17.0"; "TARGETED_DEVICE_FAMILY" = "1,2"; "GENERATE_INFOPLIST_FILE" = "YES"; "CODE_SIGN_STYLE" = "Automatic"; "SUPPORTED_PLATFORMS" = "iphoneos iphonesimulator"; "SWIFT_OPTIMIZATION_LEVEL" = "-O"; "DEBUG_INFORMATION_FORMAT" = "dwarf-with-dsym"; "SWIFT_ACTIVE_COMPILATION_CONDITIONS" = ""; "ENABLE_TESTABILITY" = "NO"; "INFOPLIST_KEY_CFBundleDisplayName" = "Tacticus workspace"; "INFOPLIST_KEY_UILaunchScreen_Generation" = "YES"; "INFOPLIST_KEY_UIApplicationSupportsIndirectInputEvents" = "YES"; "INFOPLIST_KEY_UISupportedInterfaceOrientations" = "UIInterfaceOrientationPortrait UIInterfaceOrientationLandscapeLeft UIInterfaceOrientationLandscapeRight"; "MARKETING_VERSION" = "0.1.0"; "CURRENT_PROJECT_VERSION" = "1"; "LD_RUNPATH_SEARCH_PATHS" = "$(inherited) @executable_path/Frameworks"; "OTHER_LDFLAGS" = "$(inherited) -lsqlite3"; }; };
6AAED36C59CB8BF339E2BCA0 = { "isa" = "XCConfigurationList"; "buildConfigurations" = ( "3F7F8D56E0DDB959A175A3EB", "7506A06B60123EB5836BB14A", ); "defaultConfigurationIsVisible" = "0"; "defaultConfigurationName" = "Release"; };
22C85DA5EB4377D6DBEC3B2F = { "isa" = "PBXNativeTarget"; "buildConfigurationList" = "6AAED36C59CB8BF339E2BCA0"; "buildPhases" = ( "B31D729DDA17F16344215AB9", "01F46A6E883F0DC2340689AC", "959C688D00E0D99B1D6A5CFF", ); "buildRules" = (); "dependencies" = (); "name" = "TacticusIOS"; "productName" = "TacticusIOS"; "productReference" = "4F82787BB5C52E0234D6F056"; "productType" = "com.apple.product-type.application"; };
246A4213A41076A0CEBA94A8 = { "isa" = "PBXFileReference"; "lastKnownFileType" = "sourcecode.swift"; "path" = "../../../tests/mobile/ios/WorkspaceTests.swift"; "sourceTree" = "SOURCE_ROOT"; };
33019FAFF4ED142ACE9A5997 = { "isa" = "PBXBuildFile"; "fileRef" = "246A4213A41076A0CEBA94A8"; };
422D9E7C2E151885CC3F9BDB = { "isa" = "PBXFileReference"; "explicitFileType" = "wrapper.cfbundle"; "path" = "WorkspaceTests.xctest"; "sourceTree" = "BUILT_PRODUCTS_DIR"; };
7E66DA66AC89E762C71A64D5 = { "isa" = "PBXSourcesBuildPhase"; "buildActionMask" = "2147483647"; "files" = ( "33019FAFF4ED142ACE9A5997", ); "runOnlyForDeploymentPostprocessing" = "0"; };
77B568A37BC65313B3723EB8 = { "isa" = "PBXFrameworksBuildPhase"; "buildActionMask" = "2147483647"; "files" = (); "runOnlyForDeploymentPostprocessing" = "0"; };
DC036DAAA6E4A610AE580CB1 = { "isa" = "PBXResourcesBuildPhase"; "buildActionMask" = "2147483647"; "files" = (); "runOnlyForDeploymentPostprocessing" = "0"; };
0410863679D08CB7A0F595AE = { "isa" = "XCBuildConfiguration"; "name" = "Debug"; "buildSettings" = { "PRODUCT_NAME" = "WorkspaceTests"; "PRODUCT_BUNDLE_IDENTIFIER" = "com.tacticusanalytics.mobile.ios.WorkspaceTests"; "SWIFT_VERSION" = "5.0"; "IPHONEOS_DEPLOYMENT_TARGET" = "17.0"; "TARGETED_DEVICE_FAMILY" = "1,2"; "GENERATE_INFOPLIST_FILE" = "YES"; "CODE_SIGN_STYLE" = "Automatic"; "SUPPORTED_PLATFORMS" = "iphoneos iphonesimulator"; "SWIFT_OPTIMIZATION_LEVEL" = "-Onone"; "DEBUG_INFORMATION_FORMAT" = "dwarf-with-dsym"; "SWIFT_ACTIVE_COMPILATION_CONDITIONS" = "DEBUG"; "ENABLE_TESTABILITY" = "YES"; "TEST_HOST" = "$(BUILT_PRODUCTS_DIR)/TacticusIOS.app/TacticusIOS"; "BUNDLE_LOADER" = "$(TEST_HOST)"; "LD_RUNPATH_SEARCH_PATHS" = "$(inherited) @executable_path/Frameworks @loader_path/Frameworks"; "OTHER_LDFLAGS" = "$(inherited) -lsqlite3"; }; };
6072092915227A3A7E287E39 = { "isa" = "XCBuildConfiguration"; "name" = "Release"; "buildSettings" = { "PRODUCT_NAME" = "WorkspaceTests"; "PRODUCT_BUNDLE_IDENTIFIER" = "com.tacticusanalytics.mobile.ios.WorkspaceTests"; "SWIFT_VERSION" = "5.0"; "IPHONEOS_DEPLOYMENT_TARGET" = "17.0"; "TARGETED_DEVICE_FAMILY" = "1,2"; "GENERATE_INFOPLIST_FILE" = "YES"; "CODE_SIGN_STYLE" = "Automatic"; "SUPPORTED_PLATFORMS" = "iphoneos iphonesimulator"; "SWIFT_OPTIMIZATION_LEVEL" = "-O"; "DEBUG_INFORMATION_FORMAT" = "dwarf-with-dsym"; "SWIFT_ACTIVE_COMPILATION_CONDITIONS" = ""; "ENABLE_TESTABILITY" = "NO"; "TEST_HOST" = "$(BUILT_PRODUCTS_DIR)/TacticusIOS.app/TacticusIOS"; "BUNDLE_LOADER" = "$(TEST_HOST)"; "LD_RUNPATH_SEARCH_PATHS" = "$(inherited) @executable_path/Frameworks @loader_path/Frameworks"; "OTHER_LDFLAGS" = "$(inherited) -lsqlite3"; }; };
05DE3337444970E09E7E043F = { "isa" = "XCConfigurationList"; "buildConfigurations" = ( "0410863679D08CB7A0F595AE", "6072092915227A3A7E287E39", ); "defaultConfigurationIsVisible" = "0"; "defaultConfigurationName" = "Release"; };
002A918C330F8CCFC5566697 = { "isa" = "PBXContainerItemProxy"; "containerPortal" = "244210E48437B6556980A702"; "proxyType" = "1"; "remoteGlobalIDString" = "22C85DA5EB4377D6DBEC3B2F"; "remoteInfo" = "TacticusIOS"; };
0B6AE027CA0837363AB9310C = { "isa" = "PBXTargetDependency"; "target" = "22C85DA5EB4377D6DBEC3B2F"; "targetProxy" = "002A918C330F8CCFC5566697"; };
57A01740B70733376991183E = { "isa" = "PBXNativeTarget"; "buildConfigurationList" = "05DE3337444970E09E7E043F"; "buildPhases" = ( "7E66DA66AC89E762C71A64D5", "77B568A37BC65313B3723EB8", "DC036DAAA6E4A610AE580CB1", ); "buildRules" = (); "dependencies" = ( "0B6AE027CA0837363AB9310C", ); "name" = "WorkspaceTests"; "productName" = "WorkspaceTests"; "productReference" = "422D9E7C2E151885CC3F9BDB"; "productType" = "com.apple.product-type.bundle.unit-test"; };
97B098703F780E518302F6E3 = { "isa" = "PBXFileReference"; "lastKnownFileType" = "sourcecode.swift"; "path" = "../../../tests/mobile/ios/WorkspaceUITests.swift"; "sourceTree" = "SOURCE_ROOT"; };
52948F090B4E52B2014519C6 = { "isa" = "PBXBuildFile"; "fileRef" = "97B098703F780E518302F6E3"; };
A15292A1A3CFB8CED9A0038E = { "isa" = "PBXFileReference"; "explicitFileType" = "wrapper.cfbundle"; "path" = "WorkspaceUITests.xctest"; "sourceTree" = "BUILT_PRODUCTS_DIR"; };
85CA6B1C61A68AC27EC86A02 = { "isa" = "PBXSourcesBuildPhase"; "buildActionMask" = "2147483647"; "files" = ( "52948F090B4E52B2014519C6", ); "runOnlyForDeploymentPostprocessing" = "0"; };
A975810308A89CB46BEDB131 = { "isa" = "PBXFrameworksBuildPhase"; "buildActionMask" = "2147483647"; "files" = (); "runOnlyForDeploymentPostprocessing" = "0"; };
935B5EB02517F083CEBCA05A = { "isa" = "PBXResourcesBuildPhase"; "buildActionMask" = "2147483647"; "files" = (); "runOnlyForDeploymentPostprocessing" = "0"; };
9A86F7C21CEBBFA2B1C5736B = { "isa" = "XCBuildConfiguration"; "name" = "Debug"; "buildSettings" = { "PRODUCT_NAME" = "WorkspaceUITests"; "PRODUCT_BUNDLE_IDENTIFIER" = "com.tacticusanalytics.mobile.ios.WorkspaceUITests"; "SWIFT_VERSION" = "5.0"; "IPHONEOS_DEPLOYMENT_TARGET" = "17.0"; "TARGETED_DEVICE_FAMILY" = "1,2"; "GENERATE_INFOPLIST_FILE" = "YES"; "CODE_SIGN_STYLE" = "Automatic"; "SUPPORTED_PLATFORMS" = "iphoneos iphonesimulator"; "SWIFT_OPTIMIZATION_LEVEL" = "-Onone"; "DEBUG_INFORMATION_FORMAT" = "dwarf-with-dsym"; "SWIFT_ACTIVE_COMPILATION_CONDITIONS" = "DEBUG"; "ENABLE_TESTABILITY" = "YES"; "TEST_TARGET_NAME" = "TacticusIOS"; "LD_RUNPATH_SEARCH_PATHS" = "$(inherited) @executable_path/Frameworks @loader_path/Frameworks"; }; };
FC89C19CFD062D5804F3B482 = { "isa" = "XCBuildConfiguration"; "name" = "Release"; "buildSettings" = { "PRODUCT_NAME" = "WorkspaceUITests"; "PRODUCT_BUNDLE_IDENTIFIER" = "com.tacticusanalytics.mobile.ios.WorkspaceUITests"; "SWIFT_VERSION" = "5.0"; "IPHONEOS_DEPLOYMENT_TARGET" = "17.0"; "TARGETED_DEVICE_FAMILY" = "1,2"; "GENERATE_INFOPLIST_FILE" = "YES"; "CODE_SIGN_STYLE" = "Automatic"; "SUPPORTED_PLATFORMS" = "iphoneos iphonesimulator"; "SWIFT_OPTIMIZATION_LEVEL" = "-O"; "DEBUG_INFORMATION_FORMAT" = "dwarf-with-dsym"; "SWIFT_ACTIVE_COMPILATION_CONDITIONS" = ""; "ENABLE_TESTABILITY" = "NO"; "TEST_TARGET_NAME" = "TacticusIOS"; "LD_RUNPATH_SEARCH_PATHS" = "$(inherited) @executable_path/Frameworks @loader_path/Frameworks"; }; };
46EC2E4AB8C1EBCF6083F97C = { "isa" = "XCConfigurationList"; "buildConfigurations" = ( "9A86F7C21CEBBFA2B1C5736B", "FC89C19CFD062D5804F3B482", ); "defaultConfigurationIsVisible" = "0"; "defaultConfigurationName" = "Release"; };
11AD6EC19F437D16056B4F65 = { "isa" = "PBXContainerItemProxy"; "containerPortal" = "244210E48437B6556980A702"; "proxyType" = "1"; "remoteGlobalIDString" = "22C85DA5EB4377D6DBEC3B2F"; "remoteInfo" = "TacticusIOS"; };
F3C52A253E7A967E27608FB6 = { "isa" = "PBXTargetDependency"; "target" = "22C85DA5EB4377D6DBEC3B2F"; "targetProxy" = "11AD6EC19F437D16056B4F65"; };
73872D832C2AF47EAA84E44F = { "isa" = "PBXNativeTarget"; "buildConfigurationList" = "46EC2E4AB8C1EBCF6083F97C"; "buildPhases" = ( "85CA6B1C61A68AC27EC86A02", "A975810308A89CB46BEDB131", "935B5EB02517F083CEBCA05A", ); "buildRules" = (); "dependencies" = ( "F3C52A253E7A967E27608FB6", ); "name" = "WorkspaceUITests"; "productName" = "WorkspaceUITests"; "productReference" = "A15292A1A3CFB8CED9A0038E"; "productType" = "com.apple.product-type.bundle.ui-testing"; };
0A3E27B8CA818264D75C8D81 = { "isa" = "PBXGroup"; "children" = ( "4F82787BB5C52E0234D6F056", "422D9E7C2E151885CC3F9BDB", "A15292A1A3CFB8CED9A0038E", ); "name" = "Products"; "sourceTree" = "<group>"; };
19F479106CE8C3BA8C106518 = { "isa" = "PBXGroup"; "children" = ( "22EFD116237DA9AFC6716688", "D2EFD3FE13D9BB4C71AEADBD", "486CDFB90883408EB1ABB719", "7F675542CEFB61A489DA5A5B", "4E77B304146D692B304720CC", "147CEB99D8053938DA094F51", "246A4213A41076A0CEBA94A8", "97B098703F780E518302F6E3", "0A3E27B8CA818264D75C8D81", ); "sourceTree" = "<group>"; };
488864B3D19480A82F7F1786 = { "isa" = "XCBuildConfiguration"; "name" = "Debug"; "buildSettings" = { "SDKROOT" = "iphoneos"; "CLANG_ENABLE_MODULES" = "YES"; "CLANG_ENABLE_OBJC_ARC" = "YES"; "SWIFT_VERSION" = "5.0"; "IPHONEOS_DEPLOYMENT_TARGET" = "17.0"; }; };
35B1014F135DE9B45529B733 = { "isa" = "XCBuildConfiguration"; "name" = "Release"; "buildSettings" = { "SDKROOT" = "iphoneos"; "CLANG_ENABLE_MODULES" = "YES"; "CLANG_ENABLE_OBJC_ARC" = "YES"; "SWIFT_VERSION" = "5.0"; "IPHONEOS_DEPLOYMENT_TARGET" = "17.0"; }; };
B4E10CAA9C5E22150B71559C = { "isa" = "XCConfigurationList"; "buildConfigurations" = ( "488864B3D19480A82F7F1786", "35B1014F135DE9B45529B733", ); "defaultConfigurationIsVisible" = "0"; "defaultConfigurationName" = "Release"; };
244210E48437B6556980A702 = { "isa" = "PBXProject"; "attributes" = { "LastUpgradeCheck" = "1640"; "TargetAttributes" = { "57A01740B70733376991183E" = { "TestTargetID" = "22C85DA5EB4377D6DBEC3B2F"; }; "73872D832C2AF47EAA84E44F" = { "TestTargetID" = "22C85DA5EB4377D6DBEC3B2F"; }; }; }; "buildConfigurationList" = "B4E10CAA9C5E22150B71559C"; "compatibilityVersion" = "Xcode 14.0"; "developmentRegion" = "en"; "hasScannedForEncodings" = "0"; "knownRegions" = ( "en", "Base", ); "mainGroup" = "19F479106CE8C3BA8C106518"; "productRefGroup" = "0A3E27B8CA818264D75C8D81"; "projectDirPath" = ""; "projectRoot" = ""; "targets" = ( "22C85DA5EB4377D6DBEC3B2F", "57A01740B70733376991183E", "73872D832C2AF47EAA84E44F", ); };
}; rootObject = 244210E48437B6556980A702; }
