<?xml version="1.0" encoding="UTF-8"?>
<Scheme LastUpgradeVersion="1640" version="1.7">
<BuildAction parallelizeBuildables="YES" buildImplicitDependencies="YES"><BuildActionEntries><BuildActionEntry buildForTesting="YES" buildForRunning="YES" buildForProfiling="YES" buildForArchiving="YES" buildForAnalyzing="YES"><BuildableReference BuildableIdentifier="primary" BlueprintIdentifier="22C85DA5EB4377D6DBEC3B2F" BuildableName="TacticusIOS.app" BlueprintName="TacticusIOS" ReferencedContainer="container:TacticusIOS.xcodeproj"/></BuildActionEntry></BuildActionEntries></BuildAction>
<TestAction buildConfiguration="Debug" selectedDebuggerIdentifier="Xcode.DebuggerFoundation.Debugger.LLDB" selectedLauncherIdentifier="Xcode.IDEFoundation.Launcher.LLDB" shouldUseLaunchSchemeArgsEnv="YES"><Testables><TestableReference skipped="NO"><BuildableReference BuildableIdentifier="primary" BlueprintIdentifier="57A01740B70733376991183E" BuildableName="WorkspaceTests.xctest" BlueprintName="WorkspaceTests" ReferencedContainer="container:TacticusIOS.xcodeproj"/></TestableReference><TestableReference skipped="NO"><BuildableReference BuildableIdentifier="primary" BlueprintIdentifier="73872D832C2AF47EAA84E44F" BuildableName="WorkspaceUITests.xctest" BlueprintName="WorkspaceUITests" ReferencedContainer="container:TacticusIOS.xcodeproj"/></TestableReference></Testables></TestAction>
<LaunchAction buildConfiguration="Debug" selectedDebuggerIdentifier="Xcode.DebuggerFoundation.Debugger.LLDB" selectedLauncherIdentifier="Xcode.IDEFoundation.Launcher.LLDB" launchStyle="0" useCustomWorkingDirectory="NO" ignoresPersistentStateOnLaunch="NO" debugDocumentVersioning="YES" debugServiceExtension="internal" allowLocationSimulation="YES"><BuildableProductRunnable runnableDebuggingMode="0"><BuildableReference BuildableIdentifier="primary" BlueprintIdentifier="22C85DA5EB4377D6DBEC3B2F" BuildableName="TacticusIOS.app" BlueprintName="TacticusIOS" ReferencedContainer="container:TacticusIOS.xcodeproj"/></BuildableProductRunnable></LaunchAction>
<ProfileAction buildConfiguration="Release" shouldUseLaunchSchemeArgsEnv="YES" savedToolIdentifier="" useCustomWorkingDirectory="NO" debugDocumentVersioning="YES"><BuildableProductRunnable runnableDebuggingMode="0"><BuildableReference BuildableIdentifier="primary" BlueprintIdentifier="22C85DA5EB4377D6DBEC3B2F" BuildableName="TacticusIOS.app" BlueprintName="TacticusIOS" ReferencedContainer="container:TacticusIOS.xcodeproj"/></BuildableProductRunnable></ProfileAction>
<AnalyzeAction buildConfiguration="Debug"/><ArchiveAction buildConfiguration="Release" revealArchiveInOrganizer="YES"/>
</Scheme>
